
Microsoft Visual Studio Solution File, Format Version 12.00
# Visual Studio Version 17
VisualStudioVersion = 17.14.36414.22 d17.14
MinimumVisualStudioVersion = 10.0.40219.1
Project("{FAE04EC0-301F-11D3-BF4B-00C04F79EFBC}") = "WebBanPC", "WebBanPC.csproj", "{A9A384E3-4F89-4A07-A792-8C489BBC0AD8}"
EndProject
Global
	GlobalSection(SolutionConfigurationPlatforms) = preSolution
		Debug|Any CPU = Debug|Any CPU
		Release|Any CPU = Release|Any CPU
	EndGlobalSection
	GlobalSection(ProjectConfigurationPlatforms) = postSolution
		{A9A384E3-4F89-4A07-A792-8C489BBC0AD8}.Debug|Any CPU.ActiveCfg = Debug|Any CPU
		{A9A384E3-4F89-4A07-A792-8C489BBC0AD8}.Debug|Any CPU.Build.0 = Debug|Any CPU
		{A9A384E3-4F89-4A07-A792-8C489BBC0AD8}.Release|Any CPU.ActiveCfg = Release|Any CPU
		{A9A384E3-4F89-4A07-A792-8C489BBC0AD8}.Release|Any CPU.Build.0 = Release|Any CPU
	EndGlobalSection
	GlobalSection(SolutionProperties) = preSolution
		HideSolutionNode = FALSE
	EndGlobalSection
	GlobalSection(ExtensibilityGlobals) = postSolution
		SolutionGuid = {3D90CDE1-7292-4559-AFD8-8FF2F9EF7FAF}
	EndGlobalSection
EndGlobal
